
Microsoft Visual Studio Solution File, Format Version 12.00
# Visual Studio Version 16
VisualStudioVersion = 16.0.34301.259
MinimumVisualStudioVersion = 10.0.40219.1
Project("{FAE04EC0-301F-11D3-BF4B-00C04F79EFBC}") = "ProxyServiceLibrary", "..\..\..\..\source\repos\WcfServiceLibrary1\WcfServiceLibrary1\ProxyServiceLibrary.csproj", "{A50310C6-E6A1-417D-B1BA-5CB2FFAA4093}"
EndProject
Project("{FAE04EC0-301F-11D3-BF4B-00C04F79EFBC}") = "RouteServer", "RouteServer\RouteServer.csproj", "{939399BE-BAB9-47D3-98CC-6AC8B0050DD1}"
	ProjectSection(ProjectDependencies) = postProject
		{A50310C6-E6A1-417D-B1BA-5CB2FFAA4093} = {A50310C6-E6A1-417D-B1BA-5CB2FFAA4093}
	EndProjectSection
EndProject
Global
	GlobalSection(SolutionConfigurationPlatforms) = preSolution
		Debug|Any CPU = Debug|Any CPU
		Release|Any CPU = Release|Any CPU
	EndGlobalSection
	GlobalSection(ProjectConfigurationPlatforms) = postSolution
		{A50310C6-E6A1-417D-B1BA-5CB2FFAA4093}.Debug|Any CPU.ActiveCfg = Debug|Any CPU
		{A50310C6-E6A1-417D-B1BA-5CB2FFAA4093}.Debug|Any CPU.Build.0 = Debug|Any CPU
		{A50310C6-E6A1-417D-B1BA-5CB2FFAA4093}.Release|Any CPU.ActiveCfg = Release|Any CPU
		{A50310C6-E6A1-417D-B1BA-5CB2FFAA4093}.Release|Any CPU.Build.0 = Release|Any CPU
		{939399BE-BAB9-47D3-98CC-6AC8B0050DD1}.Debug|Any CPU.ActiveCfg = Debug|Any CPU
		{939399BE-BAB9-47D3-98CC-6AC8B0050DD1}.Debug|Any CPU.Build.0 = Debug|Any CPU
		{939399BE-BAB9-47D3-98CC-6AC8B0050DD1}.Release|Any CPU.ActiveCfg = Release|Any CPU
		{939399BE-BAB9-47D3-98CC-6AC8B0050DD1}.Release|Any CPU.Build.0 = Release|Any CPU
	EndGlobalSection
	GlobalSection(SolutionProperties) = preSolution
		HideSolutionNode = FALSE
	EndGlobalSection
	GlobalSection(ExtensibilityGlobals) = postSolution
		SolutionGuid = {374D7A24-EC41-4B38-80F9-88E2B1F2873A}
	EndGlobalSection
EndGlobal
